
Microsoft Visual Studio Solution File, Format Version 12.00
# Visual Studio Version 17
VisualStudioVersion = 17.14.36221.1
MinimumVisualStudioVersion = 10.0.40219.1
Project("{FAE04EC0-301F-11D3-BF4B-00C04F79EFBC}") = "OdinnadcatoeLetoOnline", "OdinnadcatoeLetoOnline\OdinnadcatoeLetoOnline.csproj", "{A8B63140-1BD1-4FA3-8A57-5BA48B2B7940}"
EndProject
Global
	GlobalSection(SolutionConfigurationPlatforms) = preSolution
		Debug|Any CPU = Debug|Any CPU
		Release|Any CPU = Release|Any CPU
	EndGlobalSection
	GlobalSection(ProjectConfigurationPlatforms) = postSolution
		{A8B63140-1BD1-4FA3-8A57-5BA48B2B7940}.Debug|Any CPU.ActiveCfg = Debug|Any CPU
		{A8B63140-1BD1-4FA3-8A57-5BA48B2B7940}.Debug|Any CPU.Build.0 = Debug|Any CPU
		{A8B63140-1BD1-4FA3-8A57-5BA48B2B7940}.Release|Any CPU.ActiveCfg = Release|Any CPU
		{A8B63140-1BD1-4FA3-8A57-5BA48B2B7940}.Release|Any CPU.Build.0 = Release|Any CPU
	EndGlobalSection
	GlobalSection(SolutionProperties) = preSolution
		HideSolutionNode = FALSE
	EndGlobalSection
	GlobalSection(ExtensibilityGlobals) = postSolution
		SolutionGuid = {8C7CC88B-F128-4B5C-815D-BF3AAF8C77FF}
	EndGlobalSection
EndGlobal
